version = 1
revision = 3
requires-python = ">=3.9"

[[package]]
name = "av"
version = "15.0.0"
source = { registry = "https://pypi.org/simple" }
sdist = { url = "https://files.pythonhosted.org/packages/17/89/940a509ee7e9449f0c877fa984b37b7cc485546035cc67bbc353f2ac20f3/av-15.0.0.tar.gz", hash = "sha256:871c1a9becddf00b60b1294dc0bff9ff193ac31286aeec1a34039bd27e650183", size = 3833128, upload-time = "2025-07-03T16:23:48.455Z" }
wheels = [
    { url = "https://files.pythonhosted.org/packages/de/c6/4646aeffca77fb9e557509528341fdef409f7e5de44c70858fb639bb9a3e/av-15.0.0-cp310-cp310-macosx_13_0_arm64.whl", hash = "sha256:f20c7565ad9aed8a5e3ca7ed30b151d4d8a937e072b6a4901c3200134fe7c68b", size = 21808084, upload-time = "2025-07-03T16:21:17.028Z" },
    { url = "https://files.pythonhosted.org/packages/89/a2/8a0349e2ebf998f2305b61365240a748bc137f94f431e769c2ac83c5a321/av-15.0.0-cp310-cp310-macosx_13_0_x86_64.whl", hash = "sha256:0d8b78a88f0fdaf6591bca32b41301e40ba60be294b0698318948c4d1fa6f206", size = 26989279, upload-time = "2025-07-03T16:21:20.63Z" },
    { url = "https://files.pythonhosted.org/packages/de/f7/2e3b9cc831a1891914ca09aaeac88195f36f24a22f8c18e57637604a8ef1/av-15.0.0-cp310-cp310-manylinux2014_i686.manylinux_2_17_i686.whl", hash = "sha256:5d14f6cea6c4966d5478a50555fa92af4948f83e7843b63b747d4a451c53d4f1", size = 33955236, upload-time = "2025-07-03T16:21:23.752Z" },
    { url = "https://files.pythonhosted.org/packages/23/fa/cc4e32d85d6e765f9e9c2680ce9bee6a4d66c8a069f136322be04a66e70d/av-15.0.0-cp310-cp310-manylinux_2_28_aarch64.whl", hash = "sha256:09f516947890dcf27482af2f0f7b31a579dbd11d5566dd74ce5f1f6396c452b7", size = 37681552, upload-time = "2025-07-03T16:21:27.265Z" },
    { url = "https://files.pythonhosted.org/packages/f9/e3/438e1095c064fd21f1325ddae9383b4bcdc8f8493247144ed15bc1b931a2/av-15.0.0-cp310-cp310-manylinux_2_28_x86_64.whl", hash = "sha256:908e2fb4358210a463f81e2dbfac77d5977cc53a400fea3f6decef6f9f9267e4", size = 39179769, upload-time = "2025-07-03T16:21:31.941Z" },
    { url = "https://files.pythonhosted.org/packages/b7/b7/e6c27a8bd75e3eede07c1ce888fc1aa6293ba35393d2f4adc1d2e41d563b/av-15.0.0-cp310-cp310-musllinux_1_2_aarch64.whl", hash = "sha256:911fe092b1c75c35d3e9d836b750ff725599a343b6126449cb2c1b4aa8ac2792", size = 39725200, upload-time = "2025-07-03T16:21:35.73Z" },
    { url = "https://files.pythonhosted.org/packages/d1/42/06e91b07c77465af1b845ac5cf83be1b4cbe042fd940509ae3c5ad70e386/av-15.0.0-cp310-cp310-musllinux_1_2_i686.whl", hash = "sha256:25743a08b674596f3b993392259a4953a445b4211796d168c992174c983b76f0", size = 36639563, upload-time = "2025-07-03T16:21:39.395Z" },
    { url = "https://files.pythonhosted.org/packages/f8/d6/92aafdd8ef420100aca3503b7772ca2484d3688b83b09ca6f96bfb47b7c1/av-15.0.0-cp310-cp310-musllinux_1_2_x86_64.whl", hash = "sha256:2ecd5df62b9697a9304a084fbfed13fa890ec9ba2f647aaed35dca291991c7b1", size = 40482430, upload-time = "2025-07-03T16:21:42.671Z" },
    { url = "https://files.pythonhosted.org/packages/41/1a/22d7b2a151d4aeff6a1fb530e25c8d677dd59580418cab4a95c4628d5009/av-15.0.0-cp310-cp310-win_amd64.whl", hash = "sha256:7156d1b326e328aaba7f10a0d89bec53d087aba16f4c5c7ae13890b9eefde972", size = 31363168, upload-time = "2025-07-03T16:21:45.809Z" },
    { url = "https://files.pythonhosted.org/packages/e5/2a/40e0ec34e8235e4a1f9fe60288cd1eebe6413765931b5b74aeb3ce79c422/av-15.0.0-cp311-cp311-macosx_13_0_arm64.whl", hash = "sha256:eb19386466aafbac4ede549ed7dc6198714e8d35ecc238d5b5c0d91e770d53d4", size = 21793541, upload-time = "2025-07-03T16:21:48.819Z" },
    { url = "https://files.pythonhosted.org/packages/7d/21/74acec5492a901699a94715e94cb83772679b92183592a3d8b3e58cf0202/av-15.0.0-cp311-cp311-macosx_13_0_x86_64.whl", hash = "sha256:e3c841befff26823524f3260d29fb3162540535c43238587b24226d345c82af3", size = 26973175, upload-time = "2025-07-03T16:21:51.63Z" },
    { url = "https://files.pythonhosted.org/packages/7b/d9/04e7fc09c6246aaf8e695620cc026779e366c49dcab561f8f434fbed3256/av-15.0.0-cp311-cp311-manylinux2014_i686.manylinux_2_17_i686.whl", hash = "sha256:fe50ddab68af27bb9f7123dac5b1ff43ee8c7d941499c625018f3cac7da01ff3", size = 34423925, upload-time = "2025-07-03T16:21:54.628Z" },
    { url = "https://files.pythonhosted.org/packages/19/e0/f4a93c901d65188ffe21e182499abf5304403f47e24da001b21042c888ec/av-15.0.0-cp311-cp311-manylinux_2_28_aarch64.whl", hash = "sha256:5877f9dacf04bba9e966e0feb707e0fc2955476dc50cc6de5707604f51440e1b", size = 38178587, upload-time = "2025-07-03T16:21:57.966Z" },
    { url = "https://files.pythonhosted.org/packages/ed/64/6dcfb449ed287a590ecf70d6259f1f2c06fa9a576996f53d1949d65c4ee5/av-15.0.0-cp311-cp311-manylinux_2_28_x86_64.whl", hash = "sha256:e2a5f0d1817ab73370fdb35e2e2ecd4c2e5a45d43b8d96d5ae8dfe86098fb9b3", size = 39683188, upload-time = "2025-07-03T16:22:01.315Z" },
    { url = "https://files.pythonhosted.org/packages/a9/ef/a89775afc0487a4f5ab892b423972ae47bd3ef004faeb666135c657ea308/av-15.0.0-cp311-cp311-musllinux_1_2_aarch64.whl", hash = "sha256:710ad0307da524be553db123c0681edadb5cefc15baa49cf25217364fb7a80b5", size = 40230243, upload-time = "2025-07-03T16:22:04.811Z" },
    { url = "https://files.pythonhosted.org/packages/35/4b/39c40ce50c7290b5091afe75264c31bb1afb53e918c16991c808131a5d27/av-15.0.0-cp311-cp311-musllinux_1_2_i686.whl", hash = "sha256:d275d3015ab13aadc7bf38df3b2398ad992e30b1685cd350fd46c71913e98af4", size = 37059511, upload-time = "2025-07-03T16:22:09.216Z" },
    { url = "https://files.pythonhosted.org/packages/d3/39/947815be601b2dc9f43ea59fc5582cb7125070ef352cb0157ea29b98b796/av-15.0.0-cp311-cp311-musllinux_1_2_x86_64.whl", hash = "sha256:5b300f824a7ca1854ca29a37265281fa07d3dd0f69a6d2ff55d4c54ee3d734e2", size = 40993811, upload-time = "2025-07-03T16:22:12.524Z" },
    { url = "https://files.pythonhosted.org/packages/de/ca/0c77802f70248bc3e182451a174db30fca349858840c4fbf1c7f8e1beaa0/av-15.0.0-cp311-cp311-win_amd64.whl", hash = "sha256:cb7a85b4fe853a9c2725cdf02f457221fcc24f0391c8333b25a3a889e16ff26d", size = 31358970, upload-time = "2025-07-03T16:22:15.78Z" },
    { url = "https://files.pythonhosted.org/packages/89/81/c5d009ea9c01a513b7af6aac2ac49c0f2f7193345071cd6dd4d91bef3ab9/av-15.0.0-cp312-cp312-macosx_13_0_arm64.whl", hash = "sha256:84e2ede9459e64e768f4bc56d9df65da9e94b704ee3eccfe2e5b1da1da754313", size = 21782026, upload-time = "2025-07-03T16:22:18.41Z" },
    { url = "https://files.pythonhosted.org/packages/16/8a/ffe9fcac35a07efc6aa0d765015efa499d88823c01499f318760460f8088/av-15.0.0-cp312-cp312-macosx_13_0_x86_64.whl", hash = "sha256:9473ed92d6942c5a449a2c79d49f3425eb0272499d1a3559b32c1181ff736a08", size = 26974939, upload-time = "2025-07-03T16:22:21.493Z" },
    { url = "https://files.pythonhosted.org/packages/a0/e7/0816e52134dc2d0259bb1aaad78573eacaf2bebc1a643de34e3384b520d6/av-15.0.0-cp312-cp312-manylinux2014_i686.manylinux_2_17_i686.whl", hash = "sha256:56a53fe4e09bebd99355eaa0ce221b681eaf205bdda114f5e17fb79f3c3746ad", size = 34573486, upload-time = "2025-07-03T16:22:24.684Z" },
    { url = "https://files.pythonhosted.org/packages/a3/f4/07cc05712e9824a4bb68beea44eb5a7369dee3f00fa258879190004b7fc5/av-15.0.0-cp312-cp312-manylinux_2_28_aarch64.whl", hash = "sha256:247dd9a99d7ed3577b8c1e9977e811f423b04504ff36c9dcd7a4de3e6e5fe5ad", size = 38418908, upload-time = "2025-07-03T16:22:27.799Z" },
    { url = "https://files.pythonhosted.org/packages/19/48/7f3a21a41e291f8c5b8a98f95cfef308ce1b024a634413ce910c270efd7d/av-15.0.0-cp312-cp312-manylinux_2_28_x86_64.whl", hash = "sha256:fc50a7d5f60109221ccf44f8fa4c56ce73f22948b7f19b1717fcc58f7fbc383e", size = 40010257, upload-time = "2025-07-03T16:22:31.15Z" },
    { url = "https://files.pythonhosted.org/packages/6d/c9/ced392e82d39084544d2d0c05decb36446028928eddf0d40ec3d8fe6c050/av-15.0.0-cp312-cp312-musllinux_1_2_aarch64.whl", hash = "sha256:77deaec8943abfebd4e262924f2f452d6594cf0bc67d8d98aac0462b476e4182", size = 40381801, upload-time = "2025-07-03T16:22:34.254Z" },
    { url = "https://files.pythonhosted.org/packages/d2/73/a23ad111200e27f5773e94b0b6f9e2ea492a72ded7f4787a358d9d504a8b/av-15.0.0-cp312-cp312-musllinux_1_2_i686.whl", hash = "sha256:601d9b0740e47a17ec96ba2a537ebfd4d6edc859ae6f298475c06caa51f0a019", size = 37219417, upload-time = "2025-07-03T16:22:37.497Z" },
    { url = "https://files.pythonhosted.org/packages/45/0c/2ac20143b74e3792ede40bfd397ce72fa4e76a03999c2fd0aee3997b6971/av-15.0.0-cp312-cp312-musllinux_1_2_x86_64.whl", hash = "sha256:e021f67e0db7256c9f5d3d6a2a4237a4a4a804b131b33e7f2778981070519b20", size = 41242077, upload-time = "2025-07-03T16:22:40.86Z" },
    { url = "https://files.pythonhosted.org/packages/bd/30/40452705dffbfef0f5505d36218970dfeff0a86048689910219c8717b310/av-15.0.0-cp312-cp312-win_amd64.whl", hash = "sha256:383f1b57520d790069d85fc75f43cfa32fca07f5fb3fb842be37bd596638602c", size = 31357617, upload-time = "2025-07-03T16:22:43.934Z" },
    { url = "https://files.pythonhosted.org/packages/a6/27/c2e248498ce78dd504b0b1818ce88e71e30a7e26c348bdf5d6467d7b06f7/av-15.0.0-cp313-cp313-macosx_13_0_arm64.whl", hash = "sha256:0701c116f32bd9478023f610722f6371d15ca0c068ff228d355f54a7cf23d9cb", size = 21746400, upload-time = "2025-07-03T16:22:46.604Z" },
    { url = "https://files.pythonhosted.org/packages/1d/d8/11f8452f19f4ddc189e978b215420131db40e3919135c14a0d13520f7c94/av-15.0.0-cp313-cp313-macosx_13_0_x86_64.whl", hash = "sha256:57fb6232494ec575b8e78e5a9ef9b811d78f8d67324476ec8430ca3146751124", size = 26939576, upload-time = "2025-07-03T16:22:49.255Z" },
    { url = "https://files.pythonhosted.org/packages/00/1c/b109fd41487d91b8843f9e199b65e89ca533a612ec788b11ed0ba9812ea3/av-15.0.0-cp313-cp313-manylinux2014_i686.manylinux_2_17_i686.whl", hash = "sha256:801a3e0afd5c36df70d012d083bfca67ab22d0ebd2c860c0d9432ac875bc0ad6", size = 34284344, upload-time = "2025-07-03T16:22:52.373Z" },
    { url = "https://files.pythonhosted.org/packages/99/71/aee35fa182d0a41227fbd3f4250fd94c54acdd2995025ee59dd948bba930/av-15.0.0-cp313-cp313-manylinux_2_28_aarch64.whl", hash = "sha256:d5e97791b96741b344bf6dbea4fb14481c117b1f7fe8113721e8d80e26cbb388", size = 38130346, upload-time = "2025-07-03T16:22:56.755Z" },
    { url = "https://files.pythonhosted.org/packages/b7/c4/2d9bbc9c42a804c99bc571eeacb2fe1582fe9cfdb726616876cada937d6a/av-15.0.0-cp313-cp313-manylinux_2_28_x86_64.whl", hash = "sha256:acb4e4aa6bb394d3a9e60feb4cb7a856fc7bac01f3c99019b1d0f11c898c682c", size = 39728857, upload-time = "2025-07-03T16:23:00.392Z" },
    { url = "https://files.pythonhosted.org/packages/7c/d6/a5746e9fb4fdf326e9897abd7538413210e66f35ad4793fe30f87859249d/av-15.0.0-cp313-cp313-musllinux_1_2_aarch64.whl", hash = "sha256:02d2d80bdbe184f1f3f49b3f5eae7f0ff7cba0a62ab3b18be0505715e586ad29", size = 40109012, upload-time = "2025-07-03T16:23:04.1Z" },
    { url = "https://files.pythonhosted.org/packages/77/1f/da89798231ad0feacfaaea4efec4f1779060226986f97498eabe2c7c54a8/av-15.0.0-cp313-cp313-musllinux_1_2_i686.whl", hash = "sha256:603f3ae751f6678df5d8b949f92c6f8257064bba8b3e8db606a24c29d31b4e25", size = 36929211, upload-time = "2025-07-03T16:23:07.694Z" },
    { url = "https://files.pythonhosted.org/packages/d5/4c/2bcabe65a1c19e552f03540f16155a0d02cb9b7a90d31242ab3e0c7ea0d8/av-15.0.0-cp313-cp313-musllinux_1_2_x86_64.whl", hash = "sha256:682686a9ea2745e63c8878641ec26b1787b9210533f3e945a6e07e24ab788c2e", size = 40967172, upload-time = "2025-07-03T16:23:13.488Z" },
    { url = "https://files.pythonhosted.org/packages/c9/f0/fe14adaa670ab7a3f709805a8494fd0a2eeb6a5b18b8c59dc6014639a5b1/av-15.0.0-cp313-cp313-win_amd64.whl", hash = "sha256:5758231163b5486dfbf664036be010b7f5ebb24564aaeb62577464be5ea996e0", size = 31332650, upload-time = "2025-07-03T16:23:16.558Z" },
    { url = "https://files.pythonhosted.org/packages/b8/89/11d5e4ef0341a617d63b615609d9a0f3afe244835a5e464425a11ca20036/av-15.0.0-cp39-cp39-macosx_13_0_arm64.whl", hash = "sha256:4a110aecebd7daef08f8be68ac9d6540f716a492f1994886a65eab9d19de39e2", size = 21838897, upload-time = "2025-07-03T16:23:19.406Z" },
    { url = "https://files.pythonhosted.org/packages/2f/26/fa9439ec34d2199b68f80d0453325526720c1933449dfedff7dd71014948/av-15.0.0-cp39-cp39-macosx_13_0_x86_64.whl", hash = "sha256:5bcf99da2b1c67ed6b6a0d070cc218eccf05698fc960db9b8f42d36779714294", size = 27021427, upload-time = "2025-07-03T16:23:21.992Z" },
    { url = "https://files.pythonhosted.org/packages/1f/11/5ddaf6ab6f1444a6ae2e8cef7663f8b2cff330bf2355ebae16ff3c4210ee/av-15.0.0-cp39-cp39-manylinux2014_i686.manylinux_2_17_i686.whl", hash = "sha256:f483c1dcefe1bb9b96bc5813b57acf03d13c717aea477088e26119392c53aa81", size = 34073519, upload-time = "2025-07-03T16:23:24.955Z" },
    { url = "https://files.pythonhosted.org/packages/24/78/25c1b850aa6dd76307494a03ee971981c2ba203f5ea4053accbbc9f7071e/av-15.0.0-cp39-cp39-manylinux_2_28_aarch64.whl", hash = "sha256:ad7faa2b906954fd75fa9d3b52c81cdf9a1b202df305de34456a2a1d4aee625f", size = 37808712, upload-time = "2025-07-03T16:23:28.046Z" },
    { url = "https://files.pythonhosted.org/packages/b3/46/3c192579f73d00eb4e856b6a25b1b128a20a70fe07a8268b67dc1ad4dc75/av-15.0.0-cp39-cp39-manylinux_2_28_x86_64.whl", hash = "sha256:e1a8d63fa3af2136c70e330a9845a4a2314d936c8a487760598ed7692024cc93", size = 39306799, upload-time = "2025-07-03T16:23:31.333Z" },
    { url = "https://files.pythonhosted.org/packages/9d/07/f8204ac0c5805f870fd59722dab7b7fc720467d978e77a042e8d3f74917a/av-15.0.0-cp39-cp39-musllinux_1_2_aarch64.whl", hash = "sha256:5abc363915c0bb4d5973e41095881ce7dd715fc921e8366732a6b1a2e91f928a", size = 39849840, upload-time = "2025-07-03T16:23:35.046Z" },
    { url = "https://files.pythonhosted.org/packages/a1/9b/d1b520391bea1597cc4e9b7f62984f5707cf0ffa56e7cf9fe1c6c0a99344/av-15.0.0-cp39-cp39-musllinux_1_2_i686.whl", hash = "sha256:679720aba7540a974a7911a20cce5d0fd2c32a8ae3f7371283b9361140b8d0bb", size = 36759597, upload-time = "2025-07-03T16:23:38.727Z" },
    { url = "https://files.pythonhosted.org/packages/7b/b0/3d05231a212b26fe134b4b2a5d5cd3d7634b133e2b4909f9d984b4b7154a/av-15.0.0-cp39-cp39-musllinux_1_2_x86_64.whl", hash = "sha256:886a73abb874d8f1813d750714ea271ecc6c1e1b489e4d8381cdd4e1ab3fced2", size = 40606055, upload-time = "2025-07-03T16:23:42.391Z" },
    { url = "https://files.pythonhosted.org/packages/a8/14/3c941a9e3032b2dfb8d5194f4c9325566aff3448683fae2d612c883e340f/av-15.0.0-cp39-cp39-win_amd64.whl", hash = "sha256:224087661cc20f0de052f05c2a47ff35eccd00702f8c8a4260fe5d469c6d591d", size = 31389895, upload-time = "2025-07-03T16:23:45.438Z" },
]

[[package]]
name = "colorama"
version = "0.4.6"
source = { registry = "https://pypi.org/simple" }
sdist = { url = "https://files.pythonhosted.org/packages/d8/53/6f443c9a4a8358a93a6792e2acffb9d9d5cb0a5cfd8802644b7b1c9a02e4/colorama-0.4.6.tar.gz", hash = "sha256:08695f5cb7ed6e0531a20572697297273c47b8cae5a63ffc6d6ed5c201be6e44", size = 27697, upload-time = "2022-10-25T02:36:22.414Z" }
wheels = [
    { url = "https://files.pythonhosted.org/packages/d1/d6/3965ed04c63042e047cb6a3e6ed1a63a35087b6a609aa3a15ed8ac56c221/colorama-0.4.6-py2.py3-none-any.whl", hash = "sha256:4f1d9991f5acc0ca119f9d443620b77f9d6b33703e51011c16baf57afb285fc6", size = 25335, upload-time = "2022-10-25T02:36:20.889Z" },
]

[[package]]
name = "multiviewedit"
version = "0.1.0"
source = { editable = "." }
dependencies = [
    { name = "av" },
    { name = "pyside6" },
    { name = "tqdm" },
]

[package.metadata]
requires-dist = [
    { name = "av", specifier = ">=15.0.0" },
    { name = "pyside6", specifier = ">=6.9.1" },
    { name = "tqdm", specifier = ">=4.67.1" },
]

[[package]]
name = "pyside6"
version = "6.9.1"
source = { registry = "https://pypi.org/simple" }
dependencies = [
    { name = "pyside6-addons" },
    { name = "pyside6-essentials" },
    { name = "shiboken6" },
]
wheels = [
    { url = "https://files.pythonhosted.org/packages/14/91/8e9c7f7e90431297de9856e90a156ade9420977e26d87996909c63f30bd2/PySide6-6.9.1-cp39-abi3-macosx_12_0_universal2.whl", hash = "sha256:f843ef39970a2f79757810fffd7b8e93ac42a3de9ea62f2a03648cde57648aed", size = 558097, upload-time = "2025-06-03T13:20:03.739Z" },
    { url = "https://files.pythonhosted.org/packages/d7/ff/04d1b6b30edd24d761cc30d964860f997bdf37d06620694bf9aab35eec3a/PySide6-6.9.1-cp39-abi3-manylinux_2_28_x86_64.whl", hash = "sha256:db44ac08b8f7ac1b421bc1c6a44200d03f08d80dc7b3f68dfdb1684f30f41c17", size = 558239, upload-time = "2025-06-03T13:20:06.205Z" },
    { url = "https://files.pythonhosted.org/packages/3c/b4/ca076c55c11a8e473363e05aa82c5c03dd7ba8f17b77cc9311ce17213193/PySide6-6.9.1-cp39-abi3-manylinux_2_39_aarch64.whl", hash = "sha256:531a6e67c429b045674d57fe9864b711eb59e4cded753c2640982e368fd468d1", size = 558239, upload-time = "2025-06-03T13:20:08.257Z" },
    { url = "https://files.pythonhosted.org/packages/83/ff/95c941f53b0faebc27dbe361d8e971b77f504b9cf36f8f5d750fd82cd6fc/PySide6-6.9.1-cp39-abi3-win_amd64.whl", hash = "sha256:c82dbb7d32bbdd465e01059174f71bddc97de152ab71bded3f1907c40f9a5f16", size = 564571, upload-time = "2025-06-03T13:20:10.321Z" },
    { url = "https://files.pythonhosted.org/packages/d1/ef/0aa5e910fa4e9770db6b45c23e360a52313922e0ca71fc060a57db613de1/PySide6-6.9.1-cp39-abi3-win_arm64.whl", hash = "sha256:1525d63dc6dc425b8c2dc5bc01a8cb1d67530401449f3a3490c09a14c095b9f9", size = 401793, upload-time = "2025-06-03T13:20:12.108Z" },
]

[[package]]
name = "pyside6-addons"
version = "6.9.1"
source = { registry = "https://pypi.org/simple" }
dependencies = [
    { name = "pyside6-essentials" },
    { name = "shiboken6" },
]
wheels = [
    { url = "https://files.pythonhosted.org/packages/e7/e2/39b9e04335d7ac782b6459bf7abec90c36b8efaac5a88ef818e972c59387/PySide6_Addons-6.9.1-cp39-abi3-macosx_12_0_universal2.whl", hash = "sha256:7be0708fa89715c282541fca47e2ba97c0c8d2886e0236ef994b2dd8f52aacdd", size = 316212438, upload-time = "2025-06-03T13:06:15.027Z" },
    { url = "https://files.pythonhosted.org/packages/cf/6f/691d7039a6f7943522a770b713ecd85fa169688dfdd65ddd4db1699d01b6/PySide6_Addons-6.9.1-cp39-abi3-manylinux_2_28_x86_64.whl", hash = "sha256:da7869b02e3599d26546fad582db4656060786bc5ec8ece5ec9ee8aa8b42371c", size = 166690468, upload-time = "2025-06-03T13:06:34.962Z" },
    { url = "https://files.pythonhosted.org/packages/9d/08/a264db09ad35819643d910cd4c73a86f72f23b7092f8ebc7e51dcca53a86/PySide6_Addons-6.9.1-cp39-abi3-manylinux_2_39_aarch64.whl", hash = "sha256:53fd08c8152b6ba8c435458afd189835ba905793a5077a2bb0b1b11222b375d4", size = 162466096, upload-time = "2025-06-03T13:08:58.065Z" },
    { url = "https://files.pythonhosted.org/packages/84/be/a849402f7e73d137b5ae8b4370a49b0cf0e0c02f028b845782cb743e4995/PySide6_Addons-6.9.1-cp39-abi3-win_amd64.whl", hash = "sha256:cd93a3a5e3886cd958f3a5acc7c061c24f10a394ce9f4ce657ac394544ca7ec2", size = 143150906, upload-time = "2025-06-03T13:09:12.762Z" },
    { url = "https://files.pythonhosted.org/packages/2a/f1/1bb6b5859aff4e2b3f5ef789b9cee200811a9f469f04d9aa7425e816622b/PySide6_Addons-6.9.1-cp39-abi3-win_arm64.whl", hash = "sha256:4f589631bdceb518080ae9c9fa288e64f092cd5bebe25adc8ad89e8eadd4db29", size = 26938762, upload-time = "2025-06-03T13:09:20.009Z" },
]

[[package]]
name = "pyside6-essentials"
version = "6.9.1"
source = { registry = "https://pypi.org/simple" }
dependencies = [
    { name = "shiboken6" },
]
wheels = [
    { url = "https://files.pythonhosted.org/packages/8a/59/714874db9ef3bbbbda654fd3223248969bea02ec1a5bfdd1c941c4e97749/PySide6_Essentials-6.9.1-cp39-abi3-macosx_12_0_universal2.whl", hash = "sha256:ed43435a70e018e1c22efcaf34a9430b83cfcad716dba661b03de21c13322fab", size = 132957077, upload-time = "2025-06-03T13:11:52.629Z" },
    { url = "https://files.pythonhosted.org/packages/59/6a/ea0db68d40a1c487fd255634896f4e37b6560e3ef1f57ca5139bf6509b1f/PySide6_Essentials-6.9.1-cp39-abi3-manylinux_2_28_x86_64.whl", hash = "sha256:e5da48883f006c6206ef85874db74ddebcdf69b0281bd4f1642b1c5ac1d54aea", size = 96416183, upload-time = "2025-06-03T13:12:48.945Z" },
    { url = "https://files.pythonhosted.org/packages/5b/2f/4243630d1733522638c4967d36018c38719d8b84f5246bf3d4c010e0aa9d/PySide6_Essentials-6.9.1-cp39-abi3-manylinux_2_39_aarch64.whl", hash = "sha256:e46a2801c9c6098025515fd0af6c594b9e9c951842f68b8f6f3da9858b9b26c2", size = 94171343, upload-time = "2025-06-03T13:12:59.426Z" },
    { url = "https://files.pythonhosted.org/packages/0d/a9/a8e0209ba9116f2c2db990cfb79f2edbd5a3a428013be2df1f1cddd660a9/PySide6_Essentials-6.9.1-cp39-abi3-win_amd64.whl", hash = "sha256:ad1ac94011492dba33051bc33db1c76a7d6f815a81c01422cb6220273b369145", size = 72435676, upload-time = "2025-06-03T13:13:08.805Z" },
    { url = "https://files.pythonhosted.org/packages/d0/e4/23268c57e775a1a4d2843d288a9583a47f2e4b3977a9ae93cb9ded1a4ea5/PySide6_Essentials-6.9.1-cp39-abi3-win_arm64.whl", hash = "sha256:35c2c2bb4a88db74d11e638cf917524ff35785883f10b439ead07960a5733aa4", size = 49483707, upload-time = "2025-06-03T13:13:16.399Z" },
]

[[package]]
name = "shiboken6"
version = "6.9.1"
source = { registry = "https://pypi.org/simple" }
wheels = [
    { url = "https://files.pythonhosted.org/packages/98/98/34d4d25b79055959b171420d47fcc10121aefcbb261c91d5491252830e31/shiboken6-6.9.1-cp39-abi3-macosx_12_0_universal2.whl", hash = "sha256:40e92afc88da06b5100c56b761e59837ff282166e9531268f3d910b6128e621e", size = 406159, upload-time = "2025-06-03T13:16:45.104Z" },
    { url = "https://files.pythonhosted.org/packages/5a/07/53b2532ecd42ff925feb06b7bb16917f5f99f9c3470f0815c256789d818b/shiboken6-6.9.1-cp39-abi3-manylinux_2_28_x86_64.whl", hash = "sha256:efcdfa8655d34aaf8d7a0c7724def3440bd46db02f5ad3b1785db5f6ccb0a8ff", size = 206756, upload-time = "2025-06-03T13:16:46.528Z" },
    { url = "https://files.pythonhosted.org/packages/5e/b0/75b86ee3f7b044e6a87fbe7abefd1948ca4ae5fcde8321f4986a1d9eaa5e/shiboken6-6.9.1-cp39-abi3-manylinux_2_39_aarch64.whl", hash = "sha256:efcf75d48a29ae072d0bf54b3cd5a59ae91bb6b3ab7459e17c769355486c2e0b", size = 203233, upload-time = "2025-06-03T13:16:48.264Z" },
    { url = "https://files.pythonhosted.org/packages/30/56/00af281275aab4c79e22e0ea65feede0a5c6da3b84e86b21a4a0071e0744/shiboken6-6.9.1-cp39-abi3-win_amd64.whl", hash = "sha256:209ccf02c135bd70321143dcbc5023ae0c056aa4850a845955dd2f9b2ff280a9", size = 1153587, upload-time = "2025-06-03T13:16:50.454Z" },
    { url = "https://files.pythonhosted.org/packages/de/ce/6ccd382fbe1a96926c5514afa6f2c42da3a9a8482e61f8dfc6068a9ca64f/shiboken6-6.9.1-cp39-abi3-win_arm64.whl", hash = "sha256:2a39997ce275ced7853defc89d3a1f19a11c90991ac6eef3435a69bb0b7ff1de", size = 1831623, upload-time = "2025-06-03T13:16:52.468Z" },
]

[[package]]
name = "tqdm"
version = "4.67.1"
source = { registry = "https://pypi.org/simple" }
dependencies = [
    { name = "colorama", marker = "sys_platform == 'win32'" },
]
sdist = { url = "https://files.pythonhosted.org/packages/a8/4b/29b4ef32e036bb34e4ab51796dd745cdba7ed47ad142a9f4a1eb8e0c744d/tqdm-4.67.1.tar.gz", hash = "sha256:f8aef9c52c08c13a65f30ea34f4e5aac3fd1a34959879d7e59e63027286627f2", size = 169737, upload-time = "2024-11-24T20:12:22.481Z" }
wheels = [
    { url = "https://files.pythonhosted.org/packages/d0/30/dc54f88dd4a2b5dc8a0279bdd7270e735851848b762aeb1c1184ed1f6b14/tqdm-4.67.1-py3-none-any.whl", hash = "sha256:26445eca388f82e72884e0d580d5464cd801a3ea01e63e5601bdff9ba6a48de2", size = 78540, upload-time = "2024-11-24T20:12:19.698Z" },
]
